
Microsoft Visual Studio Solution File, Format Version 12.00
# Visual Studio Version 17
VisualStudioVersion = 17.4.33110.190
MinimumVisualStudioVersion = 10.0.40219.1
Project("{FAE04EC0-301F-11D3-BF4B-00C04F79EFBC}") = "P 1", "P 1.csproj", "{D0064645-F816-425D-9F9C-B9A6E735788E}"
EndProject
Global
	GlobalSection(SolutionConfigurationPlatforms) = preSolution
		Debug|Any CPU = Debug|Any CPU
		Release|Any CPU = Release|Any CPU
	EndGlobalSection
	GlobalSection(ProjectConfigurationPlatforms) = postSolution
		{D0064645-F816-425D-9F9C-B9A6E735788E}.Debug|Any CPU.ActiveCfg = Debug|Any CPU
		{D0064645-F816-425D-9F9C-B9A6E735788E}.Debug|Any CPU.Build.0 = Debug|Any CPU
		{D0064645-F816-425D-9F9C-B9A6E735788E}.Release|Any CPU.ActiveCfg = Release|Any CPU
		{D0064645-F816-425D-9F9C-B9A6E735788E}.Release|Any CPU.Build.0 = Release|Any CPU
	EndGlobalSection
	GlobalSection(SolutionProperties) = preSolution
		HideSolutionNode = FALSE
	EndGlobalSection
	GlobalSection(ExtensibilityGlobals) = postSolution
		SolutionGuid = {4DFEF73B-A5DE-4230-B7BB-BD3CC61072F2}
	EndGlobalSection
EndGlobal
